
Microsoft Visual Studio Solution File, Format Version 9.00
# Visual Studio 2005
Project("{FAE04EC0-301F-11D3-BF4B-00C04F79EFBC}") = "S-Reader", "S-Reader\S-Reader.csproj", "{0C8E0750-586F-4A46-A122-C3B4DA1B750B}"
EndProject
Global
	GlobalSection(SolutionConfigurationPlatforms) = preSolution
		Debug|Any CPU = Debug|Any CPU
		Release|Any CPU = Release|Any CPU
	EndGlobalSection
	GlobalSection(ProjectConfigurationPlatforms) = postSolution
		{0C8E0750-586F-4A46-A122-C3B4DA1B750B}.Debug|Any CPU.ActiveCfg = Debug|Any CPU
		{0C8E0750-586F-4A46-A122-C3B4DA1B750B}.Debug|Any CPU.Build.0 = Debug|Any CPU
		{0C8E0750-586F-4A46-A122-C3B4DA1B750B}.Release|Any CPU.ActiveCfg = Release|Any CPU
		{0C8E0750-586F-4A46-A122-C3B4DA1B750B}.Release|Any CPU.Build.0 = Release|Any CPU
	EndGlobalSection
	GlobalSection(SolutionProperties) = preSolution
		HideSolutionNode = FALSE
	EndGlobalSection
EndGlobal
