{
  "version": "v1",
  "packages": {
    "wy-helper": {
      "signature": "a744fc890dc8b99f9f5b74298d6db978",
      "file": true,
      "replaced": "^0.1.14"
    },
    "wy-dom-helper": {
      "signature": "a885f98ec27d24bac191f24f30c1b34b",
      "file": true,
      "replaced": "^0.1.12"
    },
    "mve-core": {
      "signature": "e2124dd89ff3e5f54c53dab4be788eea",
      "file": true,
      "replaced": "^2.0.1"
    },
    "mve-dom": {
      "signature": "dc11d2a5e054ae6297cbadfead76b391",
      "file": true,
      "replaced": "^2.0.1"
    },
    "mve-helper": {
      "signature": "0a9ed26a237e1911bd02de395d30c9f2",
      "file": true,
      "replaced": "^2.0.1"
    }
  }
}