{
  "version": "v1",
  "packages": {
    "mve-core": {
      "signature": "5acfe8bfc9a03d896359b43857248a5f",
      "file": true
    },
    "mve-helper": {
      "signature": "1277eafdb6b2a746ebbf7b2a9bc82b80",
      "file": true
    },
    "wy-helper": {
      "signature": "fa18708750662729c825092c38fa3215",
      "file": true
    },
    "wy-dom-helper": {
      "signature": "ace84ac226530ee67014b80f1efa570b",
      "file": true
    }
  }
}