{
  "version": "v1",
  "packages": {
    "mve-core": {
      "signature": "3ae3645a6a72d536f27ddfdadeb42e7b",
      "file": true
    },
    "mve-helper": {
      "signature": "6b570b9c6105ccbc276671aeaae4003f",
      "file": true
    },
    "wy-helper": {
      "signature": "5f5dcb4b1a20e4e161af51f6745d4461",
      "file": true
    },
    "wy-dom-helper": {
      "signature": "19dfd9028d71a9bc563fb147cc8b4856",
      "file": true
    }
  }
}