{
  "version": "v1",
  "packages": {
    "mve-core": {
      "signature": "1e0355aad549360ab7a8bc98c0d509f0",
      "file": true,
      "replaced": "^2.0.1"
    },
    "mve-helper": {
      "signature": "6714d60ee5beea787c1f467e2c492045",
      "file": true,
      "replaced": "^2.0.1"
    },
    "wy-helper": {
      "signature": "4338b81f910d59c85cf3307d8d84cb21",
      "file": true,
      "replaced": "^0.1.14"
    },
    "wy-dom-helper": {
      "signature": "a885f98ec27d24bac191f24f30c1b34b",
      "file": true,
      "replaced": "^0.1.12"
    }
  }
}