{
  "version": "v1",
  "packages": {
    "wy-helper": {
      "signature": "16ac1c730a446cf3f14d79377889fbbe",
      "file": true
    },
    "wy-dom-helper": {
      "signature": "1c24f0fb6de9bb0dcad6c2b00b25cf5d",
      "file": true
    },
    "mve-core": {
      "signature": "250c43e703c4c53ed7a9d4b641c871b3",
      "file": true
    },
    "mve-helper": {
      "signature": "cc82cfb2069a2fc8e3fe6e97377ce7f0",
      "file": true
    },
    "mve-dom": {
      "signature": "fefcbb44c79038e30713507800272d00",
      "file": true
    },
    "mve-dom-helper": {
      "signature": "3a3f5b2c08d26e6e02d6021b2d7d99d0",
      "file": true
    }
  }
}