{
  "version": "v1",
  "packages": {
    "wy-helper": {
      "signature": "2ce6b3bfb86b575dd177cebd4e8cfa99",
      "file": true
    },
    "wy-dom-helper": {
      "signature": "7ee99e3d9827a3d082a7eaf44e1e1c09",
      "file": true
    },
    "mve-core": {
      "signature": "bd4f18ed09f2172a3e82277d4c53373e",
      "file": true
    },
    "mve-helper": {
      "signature": "7b26d4fe3288ebc15375523502e70d73",
      "file": true
    },
    "mve-dom": {
      "signature": "51c4529a9d55d006b6a33c3255ce4944",
      "file": true
    },
    "mve-dom-helper": {
      "signature": "0aaeb14e8e419dc8fec7828b0d5c837d",
      "file": true
    }
  }
}