{
  "version": "v1",
  "packages": {
    "mve-dom": {
      "signature": "4da4fa36734a861448eb112da7bfa726",
      "file": true,
      "replaced": "^2.0.2"
    },
    "mve-dom-helper": {
      "signature": "c1ae1f8288d4add40acee6fbcf53751d",
      "file": true,
      "replaced": "^2.0.3"
    },
    "mve-core": {
      "signature": "2a9c482e74afec072c1e16848138bd31",
      "file": true
    },
    "mve-helper": {
      "signature": "a914e9dd67be3759370628e3e607248f",
      "file": true,
      "replaced": "^2.0.2"
    },
    "mve-icons": {
      "signature": "818181d6cd073f9873674de9ef3f8539",
      "file": true
    }
  }
}