{
  "version": "v1",
  "packages": {
    "mve-dom": {
      "signature": "4b33710ba05b92bc6b57ad3293080d2b",
      "file": true,
      "replaced": "^2.0.2"
    },
    "mve-dom-helper": {
      "signature": "9f8c7f84eccb2b1737696a50538ffd10",
      "file": true,
      "replaced": "^2.0.3"
    },
    "mve-core": {
      "signature": "51b4c36f2b8b64ef7aef2b7c3d27667e",
      "file": true
    }
  }
}